// !$*UTF8*$!
{
	archiveVersion = 1;
	classes = {
	};
	objectVersion = 46;
	objects = {

/* Begin PBXBuildFile section */
		113FB62B207DE1570022AB34 /* Yellow Ring.png in Resources */ = {isa = PBXBuildFile; fileRef = 113FB627207DE1560022AB34 /* Yellow Ring.png */; };
		113FB62C207DE1570022AB34 /* Orange Ring.png in Resources */ = {isa = PBXBuildFile; fileRef = 113FB628207DE1560022AB34 /* Orange Ring.png */; };
		113FB62D207DE1570022AB34 /* Green Ring.png in Resources */ = {isa = PBXBuildFile; fileRef = 113FB629207DE1570022AB34 /* Green Ring.png */; };
		113FB62E207DE1570022AB34 /* Red Ring.png in Resources */ = {isa = PBXBuildFile; fileRef = 113FB62A207DE1570022AB34 /* Red Ring.png */; };
		113FB630207DE6AD0022AB34 /* Button_Box.png in Resources */ = {isa = PBXBuildFile; fileRef = 113FB62F207DE6AD0022AB34 /* Button_Box.png */; };
		116ABFE1207E732800B3F0E8 /* MapViewController.swift in Sources */ = {isa = PBXBuildFile; fileRef = 116ABFE0207E732800B3F0E8 /* MapViewController.swift */; };
		116ABFE3207E737200B3F0E8 /* Main.storyboard in Resources */ = {isa = PBXBuildFile; fileRef = 116ABFE2207E737200B3F0E8 /* Main.storyboard */; };
		116DB6CF20A4356800E7C80D /* Ring6.png in Resources */ = {isa = PBXBuildFile; fileRef = 116DB6C920A4356700E7C80D /* Ring6.png */; };
		116DB6D020A4356800E7C80D /* Ring1.png in Resources */ = {isa = PBXBuildFile; fileRef = 116DB6CA20A4356700E7C80D /* Ring1.png */; };
		116DB6D120A4356800E7C80D /* Ring3.png in Resources */ = {isa = PBXBuildFile; fileRef = 116DB6CB20A4356700E7C80D /* Ring3.png */; };
		116DB6D220A4356800E7C80D /* Ring2.png in Resources */ = {isa = PBXBuildFile; fileRef = 116DB6CC20A4356700E7C80D /* Ring2.png */; };
		116DB6D320A4356800E7C80D /* Ring4.png in Resources */ = {isa = PBXBuildFile; fileRef = 116DB6CD20A4356700E7C80D /* Ring4.png */; };
		116DB6D420A4356800E7C80D /* Ring5.png in Resources */ = {isa = PBXBuildFile; fileRef = 116DB6CE20A4356800E7C80D /* Ring5.png */; };
		11EA3F4B207DED54008F8584 /* Air Quality Graph.png in Resources */ = {isa = PBXBuildFile; fileRef = 11EA3F4A207DED54008F8584 /* Air Quality Graph.png */; };
		11EA3F4D207DEECF008F8584 /* Back Arrow.png in Resources */ = {isa = PBXBuildFile; fileRef = 11EA3F4C207DEECF008F8584 /* Back Arrow.png */; };
		11EA3F53207DF00C008F8584 /* Air Quality Map.png in Resources */ = {isa = PBXBuildFile; fileRef = 11EA3F52207DF00C008F8584 /* Air Quality Map.png */; };
		11F43EED20428D5A00AA7F9E /* Humidity-icon.png in Resources */ = {isa = PBXBuildFile; fileRef = 11F43EEC20428D5A00AA7F9E /* Humidity-icon.png */; };
		11F43EF320428F3200AA7F9E /* Thermometer-50-512.png in Resources */ = {isa = PBXBuildFile; fileRef = 11F43EF220428F3100AA7F9E /* Thermometer-50-512.png */; };
		80106FA41C94CDA500B5BB19 /* AppDelegate.swift in Sources */ = {isa = PBXBuildFile; fileRef = 80106FA31C94CDA500B5BB19 /* AppDelegate.swift */; };
		80106FA61C94CDA500B5BB19 /* ViewController.swift in Sources */ = {isa = PBXBuildFile; fileRef = 80106FA51C94CDA500B5BB19 /* ViewController.swift */; };
		80106FAB1C94CDA500B5BB19 /* Assets.xcassets in Resources */ = {isa = PBXBuildFile; fileRef = 80106FAA1C94CDA500B5BB19 /* Assets.xcassets */; };
		80106FB61C94CE4C00B5BB19 /* ViewController.xib in Resources */ = {isa = PBXBuildFile; fileRef = 80106FB51C94CE4C00B5BB19 /* ViewController.xib */; };
		80106FB81C94D02F00B5BB19 /* LaunchScreen.xib in Resources */ = {isa = PBXBuildFile; fileRef = 80106FB71C94D02F00B5BB19 /* LaunchScreen.xib */; };
		804F20701C96329A00B6600F /* SimpleBluetoothIO.swift in Sources */ = {isa = PBXBuildFile; fileRef = 804F206F1C96329A00B6600F /* SimpleBluetoothIO.swift */; };
		804F20721C96363C00B6600F /* NSData+Int8.swift in Sources */ = {isa = PBXBuildFile; fileRef = 804F20711C96363C00B6600F /* NSData+Int8.swift */; };
/* End PBXBuildFile section */

/* Begin PBXFileReference section */
		113FB627207DE1560022AB34 /* Yellow Ring.png */ = {isa = PBXFileReference; lastKnownFileType = image.png; path = "Yellow Ring.png"; sourceTree = "<group>"; };
		113FB628207DE1560022AB34 /* Orange Ring.png */ = {isa = PBXFileReference; lastKnownFileType = image.png; path = "Orange Ring.png"; sourceTree = "<group>"; };
		113FB629207DE1570022AB34 /* Green Ring.png */ = {isa = PBXFileReference; lastKnownFileType = image.png; path = "Green Ring.png"; sourceTree = "<group>"; };
		113FB62A207DE1570022AB34 /* Red Ring.png */ = {isa = PBXFileReference; lastKnownFileType = image.png; path = "Red Ring.png"; sourceTree = "<group>"; };
		113FB62F207DE6AD0022AB34 /* Button_Box.png */ = {isa = PBXFileReference; lastKnownFileType = image.png; path = Button_Box.png; sourceTree = "<group>"; };
		116ABFE0207E732800B3F0E8 /* MapViewController.swift */ = {isa = PBXFileReference; lastKnownFileType = sourcecode.swift; path = MapViewController.swift; sourceTree = "<group>"; };
		116ABFE2207E737200B3F0E8 /* Main.storyboard */ = {isa = PBXFileReference; lastKnownFileType = file.storyboard; path = Main.storyboard; sourceTree = "<group>"; };
		116DB6C920A4356700E7C80D /* Ring6.png */ = {isa = PBXFileReference; lastKnownFileType = image.png; path = Ring6.png; sourceTree = "<group>"; };
		116DB6CA20A4356700E7C80D /* Ring1.png */ = {isa = PBXFileReference; lastKnownFileType = image.png; path = Ring1.png; sourceTree = "<group>"; };
		116DB6CB20A4356700E7C80D /* Ring3.png */ = {isa = PBXFileReference; lastKnownFileType = image.png; path = Ring3.png; sourceTree = "<group>"; };
		116DB6CC20A4356700E7C80D /* Ring2.png */ = {isa = PBXFileReference; lastKnownFileType = image.png; path = Ring2.png; sourceTree = "<group>"; };
		116DB6CD20A4356700E7C80D /* Ring4.png */ = {isa = PBXFileReference; lastKnownFileType = image.png; path = Ring4.png; sourceTree = "<group>"; };
		116DB6CE20A4356800E7C80D /* Ring5.png */ = {isa = PBXFileReference; lastKnownFileType = image.png; path = Ring5.png; sourceTree = "<group>"; };
		11EA3F4A207DED54008F8584 /* Air Quality Graph.png */ = {isa = PBXFileReference; lastKnownFileType = image.png; path = "Air Quality Graph.png"; sourceTree = "<group>"; };
		11EA3F4C207DEECF008F8584 /* Back Arrow.png */ = {isa = PBXFileReference; lastKnownFileType = image.png; path = "Back Arrow.png"; sourceTree = "<group>"; };
		11EA3F52207DF00C008F8584 /* Air Quality Map.png */ = {isa = PBXFileReference; lastKnownFileType = image.png; path = "Air Quality Map.png"; sourceTree = "<group>"; };
		11F43EEC20428D5A00AA7F9E /* Humidity-icon.png */ = {isa = PBXFileReference; lastKnownFileType = image.png; path = "Humidity-icon.png"; sourceTree = "<group>"; };
		11F43EF220428F3100AA7F9E /* Thermometer-50-512.png */ = {isa = PBXFileReference; lastKnownFileType = image.png; path = "Thermometer-50-512.png"; sourceTree = "<group>"; };
		80106FA01C94CDA500B5BB19 /* HelloBluetooth.app */ = {isa = PBXFileReference; explicitFileType = wrapper.application; includeInIndex = 0; path = HelloBluetooth.app; sourceTree = BUILT_PRODUCTS_DIR; };
		80106FA31C94CDA500B5BB19 /* AppDelegate.swift */ = {isa = PBXFileReference; lastKnownFileType = sourcecode.swift; path = AppDelegate.swift; sourceTree = "<group>"; };
		80106FA51C94CDA500B5BB19 /* ViewController.swift */ = {isa = PBXFileReference; lastKnownFileType = sourcecode.swift; path = ViewController.swift; sourceTree = "<group>"; };
		80106FAA1C94CDA500B5BB19 /* Assets.xcassets */ = {isa = PBXFileReference; lastKnownFileType = folder.assetcatalog; path = Assets.xcassets; sourceTree = "<group>"; };
		80106FAF1C94CDA500B5BB19 /* Info.plist */ = {isa = PBXFileReference; lastKnownFileType = text.plist.xml; path = Info.plist; sourceTree = "<group>"; };
		80106FB51C94CE4C00B5BB19 /* ViewController.xib */ = {isa = PBXFileReference; fileEncoding = 4; lastKnownFileType = file.xib; path = ViewController.xib; sourceTree = "<group>"; };
		80106FB71C94D02F00B5BB19 /* LaunchScreen.xib */ = {isa = PBXFileReference; fileEncoding = 4; lastKnownFileType = file.xib; path = LaunchScreen.xib; sourceTree = "<group>"; };
		804F206F1C96329A00B6600F /* SimpleBluetoothIO.swift */ = {isa = PBXFileReference; fileEncoding = 4; lastKnownFileType = sourcecode.swift; path = SimpleBluetoothIO.swift; sourceTree = "<group>"; };
		804F20711C96363C00B6600F /* NSData+Int8.swift */ = {isa = PBXFileReference; fileEncoding = 4; lastKnownFileType = sourcecode.swift; path = "NSData+Int8.swift"; sourceTree = "<group>"; };
/* End PBXFileReference section */

/* Begin PBXFrameworksBuildPhase section */
		80106F9D1C94CDA400B5BB19 /* Frameworks */ = {
			isa = PBXFrameworksBuildPhase;
			buildActionMask = 2147483647;
			files = (
			);
			runOnlyForDeploymentPostprocessing = 0;
		};
/* End PBXFrameworksBuildPhase section */

/* Begin PBXGroup section */
		80106F971C94CDA400B5BB19 = {
			isa = PBXGroup;
			children = (
				80106FA21C94CDA500B5BB19 /* HelloBluetooth */,
				80106FA11C94CDA500B5BB19 /* Products */,
			);
			sourceTree = "<group>";
		};
		80106FA11C94CDA500B5BB19 /* Products */ = {
			isa = PBXGroup;
			children = (
				80106FA01C94CDA500B5BB19 /* HelloBluetooth.app */,
			);
			name = Products;
			sourceTree = "<group>";
		};
		80106FA21C94CDA500B5BB19 /* HelloBluetooth */ = {
			isa = PBXGroup;
			children = (
				116DB6CA20A4356700E7C80D /* Ring1.png */,
				116DB6CC20A4356700E7C80D /* Ring2.png */,
				116DB6CB20A4356700E7C80D /* Ring3.png */,
				116DB6CD20A4356700E7C80D /* Ring4.png */,
				116DB6CE20A4356800E7C80D /* Ring5.png */,
				116DB6C920A4356700E7C80D /* Ring6.png */,
				11EA3F52207DF00C008F8584 /* Air Quality Map.png */,
				11EA3F4A207DED54008F8584 /* Air Quality Graph.png */,
				11EA3F4C207DEECF008F8584 /* Back Arrow.png */,
				113FB62F207DE6AD0022AB34 /* Button_Box.png */,
				11F43EEC20428D5A00AA7F9E /* Humidity-icon.png */,
				11F43EF220428F3100AA7F9E /* Thermometer-50-512.png */,
				113FB629207DE1570022AB34 /* Green Ring.png */,
				113FB628207DE1560022AB34 /* Orange Ring.png */,
				113FB62A207DE1570022AB34 /* Red Ring.png */,
				113FB627207DE1560022AB34 /* Yellow Ring.png */,
				80106FA31C94CDA500B5BB19 /* AppDelegate.swift */,
				804F20711C96363C00B6600F /* NSData+Int8.swift */,
				804F206F1C96329A00B6600F /* SimpleBluetoothIO.swift */,
				80106FA51C94CDA500B5BB19 /* ViewController.swift */,
				80106FB51C94CE4C00B5BB19 /* ViewController.xib */,
				116ABFE0207E732800B3F0E8 /* MapViewController.swift */,
				116ABFE2207E737200B3F0E8 /* Main.storyboard */,
				80106FAA1C94CDA500B5BB19 /* Assets.xcassets */,
				80106FAF1C94CDA500B5BB19 /* Info.plist */,
				80106FB71C94D02F00B5BB19 /* LaunchScreen.xib */,
			);
			path = HelloBluetooth;
			sourceTree = "<group>";
		};
/* End PBXGroup section */

/* Begin PBXNativeTarget section */
		80106F9F1C94CDA400B5BB19 /* HelloBluetooth */ = {
			isa = PBXNativeTarget;
			buildConfigurationList = 80106FB21C94CDA500B5BB19 /* Build configuration list for PBXNativeTarget "HelloBluetooth" */;
			buildPhases = (
				80106F9C1C94CDA400B5BB19 /* Sources */,
				80106F9D1C94CDA400B5BB19 /* Frameworks */,
				80106F9E1C94CDA400B5BB19 /* Resources */,
			);
			buildRules = (
			);
			dependencies = (
			);
			name = HelloBluetooth;
			productName = HelloBluetooth;
			productReference = 80106FA01C94CDA500B5BB19 /* HelloBluetooth.app */;
			productType = "com.apple.product-type.application";
		};
/* End PBXNativeTarget section */

/* Begin PBXProject section */
		80106F981C94CDA400B5BB19 /* Project object */ = {
			isa = PBXProject;
			attributes = {
				LastSwiftUpdateCheck = 0720;
				LastUpgradeCheck = 0920;
				ORGANIZATIONNAME = "Nebojsa Petrovic";
				TargetAttributes = {
					80106F9F1C94CDA400B5BB19 = {
						CreatedOnToolsVersion = 7.2.1;
						DevelopmentTeam = NZSBJ9J495;
						LastSwiftMigration = 0920;
					};
				};
			};
			buildConfigurationList = 80106F9B1C94CDA400B5BB19 /* Build configuration list for PBXProject "HelloBluetooth" */;
			compatibilityVersion = "Xcode 3.2";
			developmentRegion = English;
			hasScannedForEncodings = 0;
			knownRegions = (
				en,
				Base,
			);
			mainGroup = 80106F971C94CDA400B5BB19;
			productRefGroup = 80106FA11C94CDA500B5BB19 /* Products */;
			projectDirPath = "";
			projectRoot = "";
			targets = (
				80106F9F1C94CDA400B5BB19 /* HelloBluetooth */,
			);
		};
/* End PBXProject section */

/* Begin PBXResourcesBuildPhase section */
		80106F9E1C94CDA400B5BB19 /* Resources */ = {
			isa = PBXResourcesBuildPhase;
			buildActionMask = 2147483647;
			files = (
				11F43EF320428F3200AA7F9E /* Thermometer-50-512.png in Resources */,
				11EA3F53207DF00C008F8584 /* Air Quality Map.png in Resources */,
				116DB6CF20A4356800E7C80D /* Ring6.png in Resources */,
				113FB630207DE6AD0022AB34 /* Button_Box.png in Resources */,
				80106FB61C94CE4C00B5BB19 /* ViewController.xib in Resources */,
				116DB6D120A4356800E7C80D /* Ring3.png in Resources */,
				11F43EED20428D5A00AA7F9E /* Humidity-icon.png in Resources */,
				113FB62E207DE1570022AB34 /* Red Ring.png in Resources */,
				116DB6D220A4356800E7C80D /* Ring2.png in Resources */,
				116DB6D420A4356800E7C80D /* Ring5.png in Resources */,
				11EA3F4D207DEECF008F8584 /* Back Arrow.png in Resources */,
				116ABFE3207E737200B3F0E8 /* Main.storyboard in Resources */,
				11EA3F4B207DED54008F8584 /* Air Quality Graph.png in Resources */,
				113FB62D207DE1570022AB34 /* Green Ring.png in Resources */,
				80106FB81C94D02F00B5BB19 /* LaunchScreen.xib in Resources */,
				80106FAB1C94CDA500B5BB19 /* Assets.xcassets in Resources */,
				116DB6D320A4356800E7C80D /* Ring4.png in Resources */,
				116DB6D020A4356800E7C80D /* Ring1.png in Resources */,
				113FB62C207DE1570022AB34 /* Orange Ring.png in Resources */,
				113FB62B207DE1570022AB34 /* Yellow Ring.png in Resources */,
			);
			runOnlyForDeploymentPostprocessing = 0;
		};
/* End PBXResourcesBuildPhase section */

/* Begin PBXSourcesBuildPhase section */
		80106F9C1C94CDA400B5BB19 /* Sources */ = {
			isa = PBXSourcesBuildPhase;
			buildActionMask = 2147483647;
			files = (
				80106FA61C94CDA500B5BB19 /* ViewController.swift in Sources */,
				804F20721C96363C00B6600F /* NSData+Int8.swift in Sources */,
				804F20701C96329A00B6600F /* SimpleBluetoothIO.swift in Sources */,
				116ABFE1207E732800B3F0E8 /* MapViewController.swift in Sources */,
				80106FA41C94CDA500B5BB19 /* AppDelegate.swift in Sources */,
			);
			runOnlyForDeploymentPostprocessing = 0;
		};
/* End PBXSourcesBuildPhase section */

/* Begin XCBuildConfiguration section */
		80106FB01C94CDA500B5BB19 /* Debug */ = {
			isa = XCBuildConfiguration;
			buildSettings = {
				ALWAYS_SEARCH_USER_PATHS = NO;
				CLANG_CXX_LANGUAGE_STANDARD = "gnu++0x";
				CLANG_CXX_LIBRARY = "libc++";
				CLANG_ENABLE_MODULES = YES;
				CLANG_ENABLE_OBJC_ARC = YES;
				CLANG_WARN_BLOCK_CAPTURE_AUTORELEASING = YES;
				CLANG_WARN_BOOL_CONVERSION = YES;
				CLANG_WARN_COMMA = YES;
				CLANG_WARN_CONSTANT_CONVERSION = YES;
				CLANG_WARN_DIRECT_OBJC_ISA_USAGE = YES_ERROR;
				CLANG_WARN_EMPTY_BODY = YES;
				CLANG_WARN_ENUM_CONVERSION = YES;
				CLANG_WARN_INFINITE_RECURSION = YES;
				CLANG_WARN_INT_CONVERSION = YES;
				CLANG_WARN_NON_LITERAL_NULL_CONVERSION = YES;
				CLANG_WARN_OBJC_LITERAL_CONVERSION = YES;
				CLANG_WARN_OBJC_ROOT_CLASS = YES_ERROR;
				CLANG_WARN_RANGE_LOOP_ANALYSIS = YES;
				CLANG_WARN_STRICT_PROTOTYPES = YES;
				CLANG_WARN_SUSPICIOUS_MOVE = YES;
				CLANG_WARN_UNREACHABLE_CODE = YES;
				CLANG_WARN__DUPLICATE_METHOD_MATCH = YES;
				"CODE_SIGN_IDENTITY[sdk=iphoneos*]" = "iPhone Developer";
				COPY_PHASE_STRIP = NO;
				DEBUG_INFORMATION_FORMAT = dwarf;
				ENABLE_STRICT_OBJC_MSGSEND = YES;
				ENABLE_TESTABILITY = YES;
				GCC_C_LANGUAGE_STANDARD = gnu99;
				GCC_DYNAMIC_NO_PIC = NO;
				GCC_NO_COMMON_BLOCKS = YES;
				GCC_OPTIMIZATION_LEVEL = 0;
				GCC_PREPROCESSOR_DEFINITIONS = (
					"DEBUG=1",
					"$(inherited)",
				);
				GCC_WARN_64_TO_32_BIT_CONVERSION = YES;
				GCC_WARN_ABOUT_RETURN_TYPE = YES_ERROR;
				GCC_WARN_UNDECLARED_SELECTOR = YES;
				GCC_WARN_UNINITIALIZED_AUTOS = YES_AGGRESSIVE;
				GCC_WARN_UNUSED_FUNCTION = YES;
				GCC_WARN_UNUSED_VARIABLE = YES;
				IPHONEOS_DEPLOYMENT_TARGET = 9.2;
				MTL_ENABLE_DEBUG_INFO = YES;
				ONLY_ACTIVE_ARCH = YES;
				SDKROOT = iphoneos;
				SWIFT_OPTIMIZATION_LEVEL = "-Onone";
			};
			name = Debug;
		};
		80106FB11C94CDA500B5BB19 /* Release */ = {
			isa = XCBuildConfiguration;
			buildSettings = {
				ALWAYS_SEARCH_USER_PATHS = NO;
				CLANG_CXX_LANGUAGE_STANDARD = "gnu++0x";
				CLANG_CXX_LIBRARY = "libc++";
				CLANG_ENABLE_MODULES = YES;
				CLANG_ENABLE_OBJC_ARC = YES;
				CLANG_WARN_BLOCK_CAPTURE_AUTORELEASING = YES;
				CLANG_WARN_BOOL_CONVERSION = YES;
				CLANG_WARN_COMMA = YES;
				CLANG_WARN_CONSTANT_CONVERSION = YES;
				CLANG_WARN_DIRECT_OBJC_ISA_USAGE = YES_ERROR;
				CLANG_WARN_EMPTY_BODY = YES;
				CLANG_WARN_ENUM_CONVERSION = YES;
				CLANG_WARN_INFINITE_RECURSION = YES;
				CLANG_WARN_INT_CONVERSION = YES;
				CLANG_WARN_NON_LITERAL_NULL_CONVERSION = YES;
				CLANG_WARN_OBJC_LITERAL_CONVERSION = YES;
				CLANG_WARN_OBJC_ROOT_CLASS = YES_ERROR;
				CLANG_WARN_RANGE_LOOP_ANALYSIS = YES;
				CLANG_WARN_STRICT_PROTOTYPES = YES;
				CLANG_WARN_SUSPICIOUS_MOVE = YES;
				CLANG_WARN_UNREACHABLE_CODE = YES;
				CLANG_WARN__DUPLICATE_METHOD_MATCH = YES;
				"CODE_SIGN_IDENTITY[sdk=iphoneos*]" = "iPhone Developer";
				COPY_PHASE_STRIP = NO;
				DEBUG_INFORMATION_FORMAT = "dwarf-with-dsym";
				ENABLE_NS_ASSERTIONS = NO;
				ENABLE_STRICT_OBJC_MSGSEND = YES;
				GCC_C_LANGUAGE_STANDARD = gnu99;
				GCC_NO_COMMON_BLOCKS = YES;
				GCC_WARN_64_TO_32_BIT_CONVERSION = YES;
				GCC_WARN_ABOUT_RETURN_TYPE = YES_ERROR;
				GCC_WARN_UNDECLARED_SELECTOR = YES;
				GCC_WARN_UNINITIALIZED_AUTOS = YES_AGGRESSIVE;
				GCC_WARN_UNUSED_FUNCTION = YES;
				GCC_WARN_UNUSED_VARIABLE = YES;
				IPHONEOS_DEPLOYMENT_TARGET = 9.2;
				MTL_ENABLE_DEBUG_INFO = NO;
				SDKROOT = iphoneos;
				SWIFT_OPTIMIZATION_LEVEL = "-Owholemodule";
				VALIDATE_PRODUCT = YES;
			};
			name = Release;
		};
		80106FB31C94CDA500B5BB19 /* Debug */ = {
			isa = XCBuildConfiguration;
			buildSettings = {
				ASSETCATALOG_COMPILER_APPICON_NAME = AppIcon;
				DEVELOPMENT_TEAM = NZSBJ9J495;
				INFOPLIST_FILE = HelloBluetooth/Info.plist;
				IPHONEOS_DEPLOYMENT_TARGET = 11.3;
				LD_RUNPATH_SEARCH_PATHS = "$(inherited) @executable_path/Frameworks";
				PRODUCT_BUNDLE_IDENTIFIER = hello.omg.hi;
				PRODUCT_NAME = "$(TARGET_NAME)";
				SWIFT_SWIFT3_OBJC_INFERENCE = Default;
				SWIFT_VERSION = 4.0;
			};
			name = Debug;
		};
		80106FB41C94CDA500B5BB19 /* Release */ = {
			isa = XCBuildConfiguration;
			buildSettings = {
				ASSETCATALOG_COMPILER_APPICON_NAME = AppIcon;
				DEVELOPMENT_TEAM = NZSBJ9J495;
				INFOPLIST_FILE = HelloBluetooth/Info.plist;
				IPHONEOS_DEPLOYMENT_TARGET = 11.3;
				LD_RUNPATH_SEARCH_PATHS = "$(inherited) @executable_path/Frameworks";
				PRODUCT_BUNDLE_IDENTIFIER = hello.omg.hi;
				PRODUCT_NAME = "$(TARGET_NAME)";
				SWIFT_SWIFT3_OBJC_INFERENCE = Default;
				SWIFT_VERSION = 4.0;
			};
			name = Release;
		};
/* End XCBuildConfiguration section */

/* Begin XCConfigurationList section */
		80106F9B1C94CDA400B5BB19 /* Build configuration list for PBXProject "HelloBluetooth" */ = {
			isa = XCConfigurationList;
			buildConfigurations = (
				80106FB01C94CDA500B5BB19 /* Debug */,
				80106FB11C94CDA500B5BB19 /* Release */,
			);
			defaultConfigurationIsVisible = 0;
			defaultConfigurationName = Release;
		};
		80106FB21C94CDA500B5BB19 /* Build configuration list for PBXNativeTarget "HelloBluetooth" */ = {
			isa = XCConfigurationList;
			buildConfigurations = (
				80106FB31C94CDA500B5BB19 /* Debug */,
				80106FB41C94CDA500B5BB19 /* Release */,
			);
			defaultConfigurationIsVisible = 0;
			defaultConfigurationName = Release;
		};
/* End XCConfigurationList section */
	};
	rootObject = 80106F981C94CDA400B5BB19 /* Project object */;
}
